# This file is generated by running "yarn install" inside your project.
# Manual changes might be lost - proceed with caution!

__metadata:
  version: 4
  cacheKey: 8

"@types/prettier@npm:^2":
  version: 2.3.2
  resolution: "@types/prettier@npm:2.3.2"
  checksum: c4313e16650811f47b07a0fa7ac0742e966f61283a7292eb667fd4626d760bf3b7d896be3eaabb3354ad45fdbe3a340299b018dd3bcce1ff753d030a8cd2479c
  languageName: node
  linkType: hard

"forms-workspace@workspace:.":
  version: 0.0.0-use.local
  resolution: "forms-workspace@workspace:."
  dependencies:
    "@types/prettier": ^2
    prettier: ^2.3.2
    typescript: ^4.4.2
  languageName: unknown
  linkType: soft

"my-new-lib@workspace:packages/my-new-lib":
  version: 0.0.0-use.local
  resolution: "my-new-lib@workspace:packages/my-new-lib"
  dependencies:
    typescript: ^4.4.2
  languageName: unknown
  linkType: soft

"prettier@npm:^2.3.2":
  version: 2.3.2
  resolution: "prettier@npm:2.3.2"
  bin:
    prettier: bin-prettier.js
  checksum: 17ce5784ac67621c292df58e2da60b2ee150c2d6aebea22a6ad9e52fcd6a5e66c349d0a8436ea3bd8ff9d778920a5f68000d7625b74f43558718a49755aa5259
  languageName: node
  linkType: hard

typescript@^4.4.2:
  version: 4.4.2
  resolution: "typescript@npm:4.4.2"
  bin:
    tsc: bin/tsc
    tsserver: bin/tsserver
  checksum: 194e08e9d1971d667d6fd1a0554616b7022312a2319d70e81a64e502a265992061ee7817ed9a69b52bbabe7a9b85e7938cb8c11c433e40a516b277f8c4dacd51
  languageName: node
  linkType: hard

"typescript@patch:typescript@^4.4.2#~builtin<compat/typescript>":
  version: 4.4.2
  resolution: "typescript@patch:typescript@npm%3A4.4.2#~builtin<compat/typescript>::version=4.4.2&hash=d8b4e7"
  bin:
    tsc: bin/tsc
    tsserver: bin/tsserver
  checksum: 11d6ab6e868117908c388401e2ac06d503c5c8709115ab80ee69a1a6352c1f98471d1e595636bfe6a2d6b20b03a44df6bb2d3d198cea97c0c328968cd18d2b70
  languageName: node
  linkType: hard
